
Microsoft Visual Studio Solution File, Format Version 12.00
# Visual Studio Version 17
VisualStudioVersion = 17.0.31903.59
MinimumVisualStudioVersion = 10.0.40219.1
Project("{FAE04EC0-301F-11D3-BF4B-00C04F79EFBC}") = "SecureCookieWebApp", "SecureCookieWebApp\SecureCookieWebApp.csproj", "{9E4DA2F0-94E3-46A0-95E7-4BFAE08DCCCA}"
EndProject
Project("{FAE04EC0-301F-11D3-BF4B-00C04F79EFBC}") = "UserEntities", "UserEntities\UserEntities.csproj", "{FF9607A0-281E-4B0D-B4B8-C02ED82997AE}"
EndProject
Project("{FAE04EC0-301F-11D3-BF4B-00C04F79EFBC}") = "UserServices", "UserServices\UserServices.csproj", "{D218152A-956F-45BE-8263-137C386748A3}"
EndProject
Project("{FAE04EC0-301F-11D3-BF4B-00C04F79EFBC}") = "UserRepositories", "UserRepositories\UserRepositories.csproj", "{8C61D7D4-FD22-4CCD-8CF6-CCDE959E421D}"
EndProject
Global
	GlobalSection(SolutionConfigurationPlatforms) = preSolution
		Debug|Any CPU = Debug|Any CPU
		Release|Any CPU = Release|Any CPU
	EndGlobalSection
	GlobalSection(SolutionProperties) = preSolution
		HideSolutionNode = FALSE
	EndGlobalSection
	GlobalSection(ProjectConfigurationPlatforms) = postSolution
		{9E4DA2F0-94E3-46A0-95E7-4BFAE08DCCCA}.Debug|Any CPU.ActiveCfg = Debug|Any CPU
		{9E4DA2F0-94E3-46A0-95E7-4BFAE08DCCCA}.Debug|Any CPU.Build.0 = Debug|Any CPU
		{9E4DA2F0-94E3-46A0-95E7-4BFAE08DCCCA}.Release|Any CPU.ActiveCfg = Release|Any CPU
		{9E4DA2F0-94E3-46A0-95E7-4BFAE08DCCCA}.Release|Any CPU.Build.0 = Release|Any CPU
		{FF9607A0-281E-4B0D-B4B8-C02ED82997AE}.Debug|Any CPU.ActiveCfg = Debug|Any CPU
		{FF9607A0-281E-4B0D-B4B8-C02ED82997AE}.Debug|Any CPU.Build.0 = Debug|Any CPU
		{FF9607A0-281E-4B0D-B4B8-C02ED82997AE}.Release|Any CPU.ActiveCfg = Release|Any CPU
		{FF9607A0-281E-4B0D-B4B8-C02ED82997AE}.Release|Any CPU.Build.0 = Release|Any CPU
		{D218152A-956F-45BE-8263-137C386748A3}.Debug|Any CPU.ActiveCfg = Debug|Any CPU
		{D218152A-956F-45BE-8263-137C386748A3}.Debug|Any CPU.Build.0 = Debug|Any CPU
		{D218152A-956F-45BE-8263-137C386748A3}.Release|Any CPU.ActiveCfg = Release|Any CPU
		{D218152A-956F-45BE-8263-137C386748A3}.Release|Any CPU.Build.0 = Release|Any CPU
		{8C61D7D4-FD22-4CCD-8CF6-CCDE959E421D}.Debug|Any CPU.ActiveCfg = Debug|Any CPU
		{8C61D7D4-FD22-4CCD-8CF6-CCDE959E421D}.Debug|Any CPU.Build.0 = Debug|Any CPU
		{8C61D7D4-FD22-4CCD-8CF6-CCDE959E421D}.Release|Any CPU.ActiveCfg = Release|Any CPU
		{8C61D7D4-FD22-4CCD-8CF6-CCDE959E421D}.Release|Any CPU.Build.0 = Release|Any CPU
	EndGlobalSection
EndGlobal
